
Microsoft Visual Studio Solution File, Format Version 12.00
# Visual Studio 15
VisualStudioVersion = 15.0.27703.2018
MinimumVisualStudioVersion = 10.0.40219.1
Project("{FAE04EC0-301F-11D3-BF4B-00C04F79EFBC}") = "hello", "hello\hello.csproj", "{11F330F6-A8F4-450B-9C74-CD40979BECC0}"
EndProject
Global
	GlobalSection(SolutionConfigurationPlatforms) = preSolution
		Debug|Any CPU = Debug|Any CPU
		Release|Any CPU = Release|Any CPU
	EndGlobalSection
	GlobalSection(ProjectConfigurationPlatforms) = postSolution
		{11F330F6-A8F4-450B-9C74-CD40979BECC0}.Debug|Any CPU.ActiveCfg = Debug|Any CPU
		{11F330F6-A8F4-450B-9C74-CD40979BECC0}.Debug|Any CPU.Build.0 = Debug|Any CPU
		{11F330F6-A8F4-450B-9C74-CD40979BECC0}.Release|Any CPU.ActiveCfg = Release|Any CPU
		{11F330F6-A8F4-450B-9C74-CD40979BECC0}.Release|Any CPU.Build.0 = Release|Any CPU
	EndGlobalSection
	GlobalSection(SolutionProperties) = preSolution
		HideSolutionNode = FALSE
	EndGlobalSection
	GlobalSection(ExtensibilityGlobals) = postSolution
		SolutionGuid = {B8B2EAA9-B030-4866-8000-D6DA7767D611}
	EndGlobalSection
EndGlobal
